
Microsoft Visual Studio Solution File, Format Version 12.00
# Visual Studio 15
VisualStudioVersion = 15.0.28307.960
MinimumVisualStudioVersion = 10.0.40219.1
Project("{FAE04EC0-301F-11D3-BF4B-00C04F79EFBC}") = "AIESECJournal", "AIESECJournal\AIESECJournal.csproj", "{BF520CE9-943D-420F-8F7D-318727A6CE97}"
EndProject
Global
	GlobalSection(SolutionConfigurationPlatforms) = preSolution
		Debug|Any CPU = Debug|Any CPU
		Release|Any CPU = Release|Any CPU
	EndGlobalSection
	GlobalSection(ProjectConfigurationPlatforms) = postSolution
		{BF520CE9-943D-420F-8F7D-318727A6CE97}.Debug|Any CPU.ActiveCfg = Debug|Any CPU
		{BF520CE9-943D-420F-8F7D-318727A6CE97}.Debug|Any CPU.Build.0 = Debug|Any CPU
		{BF520CE9-943D-420F-8F7D-318727A6CE97}.Release|Any CPU.ActiveCfg = Release|Any CPU
		{BF520CE9-943D-420F-8F7D-318727A6CE97}.Release|Any CPU.Build.0 = Release|Any CPU
	EndGlobalSection
	GlobalSection(SolutionProperties) = preSolution
		HideSolutionNode = FALSE
	EndGlobalSection
	GlobalSection(ExtensibilityGlobals) = postSolution
		SolutionGuid = {7B62CBC4-C505-4610-9FD6-69138D7E565B}
	EndGlobalSection
EndGlobal
